
Microsoft Visual Studio Solution File, Format Version 12.00
# Visual Studio Version 17
VisualStudioVersion = 17.0.32126.317
MinimumVisualStudioVersion = 10.0.40219.1
Project("{FAE04EC0-301F-11D3-BF4B-00C04F79EFBC}") = "MadLib", "MadLib.csproj", "{D0F45C63-8A63-444C-903D-C11256C53A9B}"
EndProject
Global
	GlobalSection(SolutionConfigurationPlatforms) = preSolution
		Debug|Any CPU = Debug|Any CPU
		Release|Any CPU = Release|Any CPU
	EndGlobalSection
	GlobalSection(ProjectConfigurationPlatforms) = postSolution
		{D0F45C63-8A63-444C-903D-C11256C53A9B}.Debug|Any CPU.ActiveCfg = Debug|Any CPU
		{D0F45C63-8A63-444C-903D-C11256C53A9B}.Debug|Any CPU.Build.0 = Debug|Any CPU
		{D0F45C63-8A63-444C-903D-C11256C53A9B}.Release|Any CPU.ActiveCfg = Release|Any CPU
		{D0F45C63-8A63-444C-903D-C11256C53A9B}.Release|Any CPU.Build.0 = Release|Any CPU
	EndGlobalSection
	GlobalSection(SolutionProperties) = preSolution
		HideSolutionNode = FALSE
	EndGlobalSection
	GlobalSection(ExtensibilityGlobals) = postSolution
		SolutionGuid = {FF7DA78C-A9C7-419A-A5A8-13F3329E4FEC}
	EndGlobalSection
EndGlobal
